
Microsoft Visual Studio Solution File, Format Version 12.00
# Visual Studio Version 17
VisualStudioVersion = 17.1.32421.90
MinimumVisualStudioVersion = 10.0.40219.1
Project("{FAE04EC0-301F-11D3-BF4B-00C04F79EFBC}") = "abstract", "abstract\abstract.csproj", "{B085DA8E-5DE7-47CB-928A-3889D37120D7}"
EndProject
Global
	GlobalSection(SolutionConfigurationPlatforms) = preSolution
		Debug|Any CPU = Debug|Any CPU
		Release|Any CPU = Release|Any CPU
	EndGlobalSection
	GlobalSection(ProjectConfigurationPlatforms) = postSolution
		{B085DA8E-5DE7-47CB-928A-3889D37120D7}.Debug|Any CPU.ActiveCfg = Debug|Any CPU
		{B085DA8E-5DE7-47CB-928A-3889D37120D7}.Debug|Any CPU.Build.0 = Debug|Any CPU
		{B085DA8E-5DE7-47CB-928A-3889D37120D7}.Release|Any CPU.ActiveCfg = Release|Any CPU
		{B085DA8E-5DE7-47CB-928A-3889D37120D7}.Release|Any CPU.Build.0 = Release|Any CPU
	EndGlobalSection
	GlobalSection(SolutionProperties) = preSolution
		HideSolutionNode = FALSE
	EndGlobalSection
	GlobalSection(ExtensibilityGlobals) = postSolution
		SolutionGuid = {073B8D96-DBC7-4357-A5FC-D82D26F181B4}
	EndGlobalSection
EndGlobal
